
Microsoft Visual Studio Solution File, Format Version 12.00
# Visual Studio Version 17
VisualStudioVersion = 17.1.32210.238
MinimumVisualStudioVersion = 10.0.40219.1
Project("{FAE04EC0-301F-11D3-BF4B-00C04F79EFBC}") = "ForArchitecture", "ForArchitecture.csproj", "{75753944-D12D-4103-9A8F-38AAE89C48CE}"
EndProject
Global
	GlobalSection(SolutionConfigurationPlatforms) = preSolution
		Debug|Any CPU = Debug|Any CPU
		Release|Any CPU = Release|Any CPU
	EndGlobalSection
	GlobalSection(ProjectConfigurationPlatforms) = postSolution
		{75753944-D12D-4103-9A8F-38AAE89C48CE}.Debug|Any CPU.ActiveCfg = Debug|Any CPU
		{75753944-D12D-4103-9A8F-38AAE89C48CE}.Debug|Any CPU.Build.0 = Debug|Any CPU
		{75753944-D12D-4103-9A8F-38AAE89C48CE}.Release|Any CPU.ActiveCfg = Release|Any CPU
		{75753944-D12D-4103-9A8F-38AAE89C48CE}.Release|Any CPU.Build.0 = Release|Any CPU
	EndGlobalSection
	GlobalSection(SolutionProperties) = preSolution
		HideSolutionNode = FALSE
	EndGlobalSection
	GlobalSection(ExtensibilityGlobals) = postSolution
		SolutionGuid = {F0F2A614-ACE6-4908-896D-E8DEBE72B3A4}
	EndGlobalSection
EndGlobal
